{
    "_meta": {
        "hash": {
            "sha256": "61704ba4160bb22560b7f56896da76e677f1a20f0d90a465d2f5d2cc58444dc5"
        },
        "pipfile-spec": 6,
        "requires": {
            "python_version": "3.12"
        },
        "sources": [
            {
                "name": "pypi",
                "url": "https://pypi.org/simple",
                "verify_ssl": true
            }
        ]
    },
    "default": {
        "anyio": {
            "hashes": [
                "sha256:41cfcc3a4c85d3f05c932da7c26d0201ac36f72abd4435ba90d0464a3ffed703",
                "sha256:d405828884fc140aa80a3c667b8beed277f1dfedec42ba031bd6ac3db606ab6c"
            ],
            "markers": "python_version >= '3.9'",
            "version": "==4.12.1"
        },
        "apscheduler": {
            "hashes": [
                "sha256:2a9966b052ec805f020c8c4c3ae6e6a06e24b1bf19f2e11d91d8cca0473eef41",
                "sha256:ce005177f741409db4e4dd40a7431b76feb856b9dd69d57e0da49d6715bfd26d"
            ],
            "markers": "python_version >= '3.8'",
            "version": "==3.11.2"
        },
        "certifi": {
            "hashes": [
                "sha256:027692e4402ad994f1c42e52a4997a9763c646b73e4096e4d5d6db8af1d6f0fa",
                "sha256:e887ab5cee78ea814d3472169153c2d12cd43b14bd03329a39a9c6e2e80bfba7"
            ],
            "markers": "python_version >= '3.7'",
            "version": "==2026.2.25"
        },
        "h11": {
            "hashes": [
                "sha256:4e35b956cf45792e4caa5885e69fba00bdbc6ffafbfa020300e549b208ee5ff1",
                "sha256:63cf8bbe7522de3bf65932fda1d9c2772064ffb3dae62d55932da54b31cb6c86"
            ],
            "markers": "python_version >= '3.8'",
            "version": "==0.16.0"
        },
        "httpcore": {
            "hashes": [
                "sha256:2d400746a40668fc9dec9810239072b40b4484b640a8c38fd654a024c7a1bf55",
                "sha256:6e34463af53fd2ab5d807f399a9b45ea31c3dfa2276f15a2c3f00afff6e176e8"
            ],
            "markers": "python_version >= '3.8'",
            "version": "==1.0.9"
        },
        "httpx": {
            "hashes": [
                "sha256:75e98c5f16b0f35b567856f597f06ff2270a374470a5c2392242528e3e3e42fc",
                "sha256:d909fcccc110f8c7faf814ca82a9a4d816bc5a6dbfea25d6591d6985b8ba59ad"
            ],
            "index": "pypi",
            "markers": "python_version >= '3.8'",
            "version": "==0.28.1"
        },
        "idna": {
            "hashes": [
                "sha256:771a87f49d9defaf64091e6e6fe9c18d4833f140bd19464795bc32d966ca37ea",
                "sha256:795dafcc9c04ed0c1fb032c2aa73654d8e8c5023a7df64a53f39190ada629902"
            ],
            "markers": "python_version >= '3.8'",
            "version": "==3.11"
        },
        "python-decouple": {
            "hashes": [
                "sha256:ba6e2657d4f376ecc46f77a3a615e058d93ba5e465c01bbe57289bfb7cce680f",
                "sha256:d0d45340815b25f4de59c974b855bb38d03151d81b037d9e3f463b0c9f8cbd66"
            ],
            "index": "pypi",
            "version": "==3.8"
        },
        "python-telegram-bot": {
            "extras": [
                "job-queue"
            ],
            "hashes": [
                "sha256:17f933a7a0569f519d9b672e06d71c29ab3688f1ec575ba59a3ca37922481113",
                "sha256:2abda5202f27a838f35e8140e5292af0f4f8fad6c2e5123b2defadd5f4e8ca02"
            ],
            "markers": "python_version >= '3.9'",
            "version": "==21.11.1"
        },
        "typing-extensions": {
            "hashes": [
                "sha256:0cea48d173cc12fa28ecabc3b837ea3cf6f38c6d1136f85cbaaf598984861466",
                "sha256:f0fa19c6845758ab08074a0cfa8b7aecb71c999ca73d62883bc25cc018c4e548"
            ],
            "markers": "python_version >= '3.9'",
            "version": "==4.15.0"
        },
        "tzlocal": {
            "hashes": [
                "sha256:cceffc7edecefea1f595541dbd6e990cb1ea3d19bf01b2809f362a03dd7921fd",
                "sha256:eb1a66c3ef5847adf7a834f1be0800581b683b5608e74f86ecbcef8ab91bb85d"
            ],
            "markers": "python_version >= '3.9'",
            "version": "==5.3.1"
        }
    },
    "develop": {}
}
